
Microsoft Visual Studio Solution File, Format Version 12.00
# Visual Studio Version 17
VisualStudioVersion = 17.6.33829.357
MinimumVisualStudioVersion = 10.0.40219.1
Project("{8BC9CEB8-8B4A-11D0-8D11-00A0C91BC942}") = "MyProject", "MyProject\MyProject.vcxproj", "{DE8AEB35-5CC2-4ACC-B78F-4DD1F665659F}"
EndProject
Global
	GlobalSection(SolutionConfigurationPlatforms) = preSolution
		Debug|x64 = Debug|x64
		Debug|x86 = Debug|x86
		Release|x64 = Release|x64
		Release|x86 = Release|x86
	EndGlobalSection
	GlobalSection(ProjectConfigurationPlatforms) = postSolution
		{DE8AEB35-5CC2-4ACC-B78F-4DD1F665659F}.Debug|x64.ActiveCfg = Debug|x64
		{DE8AEB35-5CC2-4ACC-B78F-4DD1F665659F}.Debug|x64.Build.0 = Debug|x64
		{DE8AEB35-5CC2-4ACC-B78F-4DD1F665659F}.Debug|x86.ActiveCfg = Debug|Win32
		{DE8AEB35-5CC2-4ACC-B78F-4DD1F665659F}.Debug|x86.Build.0 = Debug|Win32
		{DE8AEB35-5CC2-4ACC-B78F-4DD1F665659F}.Release|x64.ActiveCfg = Release|x64
		{DE8AEB35-5CC2-4ACC-B78F-4DD1F665659F}.Release|x64.Build.0 = Release|x64
		{DE8AEB35-5CC2-4ACC-B78F-4DD1F665659F}.Release|x86.ActiveCfg = Release|Win32
		{DE8AEB35-5CC2-4ACC-B78F-4DD1F665659F}.Release|x86.Build.0 = Release|Win32
	EndGlobalSection
	GlobalSection(SolutionProperties) = preSolution
		HideSolutionNode = FALSE
	EndGlobalSection
	GlobalSection(ExtensibilityGlobals) = postSolution
		SolutionGuid = {008D1FDF-BF9A-4F5A-AD2C-B6B711C3B128}
	EndGlobalSection
EndGlobal
